
Microsoft Visual Studio Solution File, Format Version 12.00
# Visual Studio Version 17
VisualStudioVersion = 17.9.34616.47
MinimumVisualStudioVersion = 10.0.40219.1
Project("{FAE04EC0-301F-11D3-BF4B-00C04F79EFBC}") = "steam-name-changer", "steam-name-changer\steam-name-changer.csproj", "{CEC4F7DB-502C-48DB-B7E9-1F1A1C285495}"
EndProject
Global
	GlobalSection(SolutionConfigurationPlatforms) = preSolution
		Debug|Any CPU = Debug|Any CPU
		Release|Any CPU = Release|Any CPU
	EndGlobalSection
	GlobalSection(ProjectConfigurationPlatforms) = postSolution
		{CEC4F7DB-502C-48DB-B7E9-1F1A1C285495}.Debug|Any CPU.ActiveCfg = Debug|Any CPU
		{CEC4F7DB-502C-48DB-B7E9-1F1A1C285495}.Debug|Any CPU.Build.0 = Debug|Any CPU
		{CEC4F7DB-502C-48DB-B7E9-1F1A1C285495}.Release|Any CPU.ActiveCfg = Release|Any CPU
		{CEC4F7DB-502C-48DB-B7E9-1F1A1C285495}.Release|Any CPU.Build.0 = Release|Any CPU
	EndGlobalSection
	GlobalSection(SolutionProperties) = preSolution
		HideSolutionNode = FALSE
	EndGlobalSection
	GlobalSection(ExtensibilityGlobals) = postSolution
		SolutionGuid = {78B63119-5AE2-4049-9084-A8288392EC00}
	EndGlobalSection
EndGlobal
